// !$*UTF8*$!
{
	archiveVersion = 1;
	classes = {
	};
	objectVersion = 55;
	objects = {

/* Begin PBXBuildFile section */
		FEEE13222844FF78003344FD /* AppDelegate.swift in Sources */ = {isa = PBXBuildFile; fileRef = FEEE13212844FF78003344FD /* AppDelegate.swift */; };
		FEEE13242844FF78003344FD /* SceneDelegate.swift in Sources */ = {isa = PBXBuildFile; fileRef = FEEE13232844FF78003344FD /* SceneDelegate.swift */; };
		FEEE132C2844FF78003344FD /* MySkills.xcdatamodeld in Sources */ = {isa = PBXBuildFile; fileRef = FEEE132A2844FF78003344FD /* MySkills.xcdatamodeld */; };
		FEEE132E2844FF7A003344FD /* Assets.xcassets in Resources */ = {isa = PBXBuildFile; fileRef = FEEE132D2844FF7A003344FD /* Assets.xcassets */; };
		FEEE13312844FF7A003344FD /* LaunchScreen.storyboard in Resources */ = {isa = PBXBuildFile; fileRef = FEEE132F2844FF7A003344FD /* LaunchScreen.storyboard */; };
		FEEE13392845010E003344FD /* TapBarController.swift in Sources */ = {isa = PBXBuildFile; fileRef = FEEE13382845010E003344FD /* TapBarController.swift */; };
		FEEE133C2845064F003344FD /* EasySkillsViewController.swift in Sources */ = {isa = PBXBuildFile; fileRef = FEEE133B2845064F003344FD /* EasySkillsViewController.swift */; };
		FEEE133E2845066A003344FD /* LogInViewController.swift in Sources */ = {isa = PBXBuildFile; fileRef = FEEE133D2845066A003344FD /* LogInViewController.swift */; };
		FEEE134028460133003344FD /* Information.swift in Sources */ = {isa = PBXBuildFile; fileRef = FEEE133F28460133003344FD /* Information.swift */; };
		FEEE134328461C4E003344FD /* SecondEasySkillsViewController.swift in Sources */ = {isa = PBXBuildFile; fileRef = FEEE134228461C4E003344FD /* SecondEasySkillsViewController.swift */; };
		FEEE134528461F46003344FD /* AlertViewController.swift in Sources */ = {isa = PBXBuildFile; fileRef = FEEE134428461F46003344FD /* AlertViewController.swift */; };
		FEEE1347284624A9003344FD /* TrafficLightsViewController.swift in Sources */ = {isa = PBXBuildFile; fileRef = FEEE1346284624A9003344FD /* TrafficLightsViewController.swift */; };
/* End PBXBuildFile section */

/* Begin PBXFileReference section */
		FEEE131E2844FF78003344FD /* MySkills.app */ = {isa = PBXFileReference; explicitFileType = wrapper.application; includeInIndex = 0; path = MySkills.app; sourceTree = BUILT_PRODUCTS_DIR; };
		FEEE13212844FF78003344FD /* AppDelegate.swift */ = {isa = PBXFileReference; lastKnownFileType = sourcecode.swift; path = AppDelegate.swift; sourceTree = "<group>"; };
		FEEE13232844FF78003344FD /* SceneDelegate.swift */ = {isa = PBXFileReference; lastKnownFileType = sourcecode.swift; path = SceneDelegate.swift; sourceTree = "<group>"; };
		FEEE132B2844FF78003344FD /* MySkills.xcdatamodel */ = {isa = PBXFileReference; lastKnownFileType = wrapper.xcdatamodel; path = MySkills.xcdatamodel; sourceTree = "<group>"; };
		FEEE132D2844FF7A003344FD /* Assets.xcassets */ = {isa = PBXFileReference; lastKnownFileType = folder.assetcatalog; path = Assets.xcassets; sourceTree = "<group>"; };
		FEEE13302844FF7A003344FD /* Base */ = {isa = PBXFileReference; lastKnownFileType = file.storyboard; name = Base; path = Base.lproj/LaunchScreen.storyboard; sourceTree = "<group>"; };
		FEEE13322844FF7A003344FD /* Info.plist */ = {isa = PBXFileReference; lastKnownFileType = text.plist.xml; path = Info.plist; sourceTree = "<group>"; };
		FEEE13382845010E003344FD /* TapBarController.swift */ = {isa = PBXFileReference; lastKnownFileType = sourcecode.swift; path = TapBarController.swift; sourceTree = "<group>"; };
		FEEE133B2845064F003344FD /* EasySkillsViewController.swift */ = {isa = PBXFileReference; lastKnownFileType = sourcecode.swift; path = EasySkillsViewController.swift; sourceTree = "<group>"; };
		FEEE133D2845066A003344FD /* LogInViewController.swift */ = {isa = PBXFileReference; lastKnownFileType = sourcecode.swift; path = LogInViewController.swift; sourceTree = "<group>"; };
		FEEE133F28460133003344FD /* Information.swift */ = {isa = PBXFileReference; lastKnownFileType = sourcecode.swift; path = Information.swift; sourceTree = "<group>"; };
		FEEE134228461C4E003344FD /* SecondEasySkillsViewController.swift */ = {isa = PBXFileReference; lastKnownFileType = sourcecode.swift; path = SecondEasySkillsViewController.swift; sourceTree = "<group>"; };
		FEEE134428461F46003344FD /* AlertViewController.swift */ = {isa = PBXFileReference; lastKnownFileType = sourcecode.swift; path = AlertViewController.swift; sourceTree = "<group>"; };
		FEEE1346284624A9003344FD /* TrafficLightsViewController.swift */ = {isa = PBXFileReference; lastKnownFileType = sourcecode.swift; path = TrafficLightsViewController.swift; sourceTree = "<group>"; };
/* End PBXFileReference section */

/* Begin PBXFrameworksBuildPhase section */
		FEEE131B2844FF78003344FD /* Frameworks */ = {
			isa = PBXFrameworksBuildPhase;
			buildActionMask = 2147483647;
			files = (
			);
			runOnlyForDeploymentPostprocessing = 0;
		};
/* End PBXFrameworksBuildPhase section */

/* Begin PBXGroup section */
		FEEE13152844FF78003344FD = {
			isa = PBXGroup;
			children = (
				FEEE134128460136003344FD /* Core */,
				FEEE13202844FF78003344FD /* MySkills */,
				FEEE131F2844FF78003344FD /* Products */,
			);
			sourceTree = "<group>";
		};
		FEEE131F2844FF78003344FD /* Products */ = {
			isa = PBXGroup;
			children = (
				FEEE131E2844FF78003344FD /* MySkills.app */,
			);
			name = Products;
			sourceTree = "<group>";
		};
		FEEE13202844FF78003344FD /* MySkills */ = {
			isa = PBXGroup;
			children = (
				FEEE13382845010E003344FD /* TapBarController.swift */,
				FEEE133A28450119003344FD /* ViewControllers */,
				FEEE13212844FF78003344FD /* AppDelegate.swift */,
				FEEE13232844FF78003344FD /* SceneDelegate.swift */,
				FEEE132D2844FF7A003344FD /* Assets.xcassets */,
				FEEE132F2844FF7A003344FD /* LaunchScreen.storyboard */,
				FEEE13322844FF7A003344FD /* Info.plist */,
				FEEE132A2844FF78003344FD /* MySkills.xcdatamodeld */,
			);
			path = MySkills;
			sourceTree = "<group>";
		};
		FEEE133A28450119003344FD /* ViewControllers */ = {
			isa = PBXGroup;
			children = (
				FEEE133B2845064F003344FD /* EasySkillsViewController.swift */,
				FEEE133D2845066A003344FD /* LogInViewController.swift */,
				FEEE134228461C4E003344FD /* SecondEasySkillsViewController.swift */,
				FEEE134428461F46003344FD /* AlertViewController.swift */,
				FEEE1346284624A9003344FD /* TrafficLightsViewController.swift */,
			);
			path = ViewControllers;
			sourceTree = "<group>";
		};
		FEEE134128460136003344FD /* Core */ = {
			isa = PBXGroup;
			children = (
				FEEE133F28460133003344FD /* Information.swift */,
			);
			path = Core;
			sourceTree = "<group>";
		};
/* End PBXGroup section */

/* Begin PBXNativeTarget section */
		FEEE131D2844FF78003344FD /* MySkills */ = {
			isa = PBXNativeTarget;
			buildConfigurationList = FEEE13352844FF7A003344FD /* Build configuration list for PBXNativeTarget "MySkills" */;
			buildPhases = (
				FEEE131A2844FF78003344FD /* Sources */,
				FEEE131B2844FF78003344FD /* Frameworks */,
				FEEE131C2844FF78003344FD /* Resources */,
			);
			buildRules = (
			);
			dependencies = (
			);
			name = MySkills;
			productName = MySkills;
			productReference = FEEE131E2844FF78003344FD /* MySkills.app */;
			productType = "com.apple.product-type.application";
		};
/* End PBXNativeTarget section */

/* Begin PBXProject section */
		FEEE13162844FF78003344FD /* Project object */ = {
			isa = PBXProject;
			attributes = {
				BuildIndependentTargetsInParallel = 1;
				LastSwiftUpdateCheck = 1340;
				LastUpgradeCheck = 1340;
				TargetAttributes = {
					FEEE131D2844FF78003344FD = {
						CreatedOnToolsVersion = 13.4;
					};
				};
			};
			buildConfigurationList = FEEE13192844FF78003344FD /* Build configuration list for PBXProject "MySkills" */;
			compatibilityVersion = "Xcode 13.0";
			developmentRegion = en;
			hasScannedForEncodings = 0;
			knownRegions = (
				en,
				Base,
			);
			mainGroup = FEEE13152844FF78003344FD;
			productRefGroup = FEEE131F2844FF78003344FD /* Products */;
			projectDirPath = "";
			projectRoot = "";
			targets = (
				FEEE131D2844FF78003344FD /* MySkills */,
			);
		};
/* End PBXProject section */

/* Begin PBXResourcesBuildPhase section */
		FEEE131C2844FF78003344FD /* Resources */ = {
			isa = PBXResourcesBuildPhase;
			buildActionMask = 2147483647;
			files = (
				FEEE13312844FF7A003344FD /* LaunchScreen.storyboard in Resources */,
				FEEE132E2844FF7A003344FD /* Assets.xcassets in Resources */,
			);
			runOnlyForDeploymentPostprocessing = 0;
		};
/* End PBXResourcesBuildPhase section */

/* Begin PBXSourcesBuildPhase section */
		FEEE131A2844FF78003344FD /* Sources */ = {
			isa = PBXSourcesBuildPhase;
			buildActionMask = 2147483647;
			files = (
				FEEE13392845010E003344FD /* TapBarController.swift in Sources */,
				FEEE1347284624A9003344FD /* TrafficLightsViewController.swift in Sources */,
				FEEE134028460133003344FD /* Information.swift in Sources */,
				FEEE133C2845064F003344FD /* EasySkillsViewController.swift in Sources */,
				FEEE133E2845066A003344FD /* LogInViewController.swift in Sources */,
				FEEE134528461F46003344FD /* AlertViewController.swift in Sources */,
				FEEE132C2844FF78003344FD /* MySkills.xcdatamodeld in Sources */,
				FEEE13222844FF78003344FD /* AppDelegate.swift in Sources */,
				FEEE134328461C4E003344FD /* SecondEasySkillsViewController.swift in Sources */,
				FEEE13242844FF78003344FD /* SceneDelegate.swift in Sources */,
			);
			runOnlyForDeploymentPostprocessing = 0;
		};
/* End PBXSourcesBuildPhase section */

/* Begin PBXVariantGroup section */
		FEEE132F2844FF7A003344FD /* LaunchScreen.storyboard */ = {
			isa = PBXVariantGroup;
			children = (
				FEEE13302844FF7A003344FD /* Base */,
			);
			name = LaunchScreen.storyboard;
			sourceTree = "<group>";
		};
/* End PBXVariantGroup section */

/* Begin XCBuildConfiguration section */
		FEEE13332844FF7A003344FD /* Debug */ = {
			isa = XCBuildConfiguration;
			buildSettings = {
				ALWAYS_SEARCH_USER_PATHS = NO;
				CLANG_ANALYZER_NONNULL = YES;
				CLANG_ANALYZER_NUMBER_OBJECT_CONVERSION = YES_AGGRESSIVE;
				CLANG_CXX_LANGUAGE_STANDARD = "gnu++17";
				CLANG_ENABLE_MODULES = YES;
				CLANG_ENABLE_OBJC_ARC = YES;
				CLANG_ENABLE_OBJC_WEAK = YES;
				CLANG_WARN_BLOCK_CAPTURE_AUTORELEASING = YES;
				CLANG_WARN_BOOL_CONVERSION = YES;
				CLANG_WARN_COMMA = YES;
				CLANG_WARN_CONSTANT_CONVERSION = YES;
				CLANG_WARN_DEPRECATED_OBJC_IMPLEMENTATIONS = YES;
				CLANG_WARN_DIRECT_OBJC_ISA_USAGE = YES_ERROR;
				CLANG_WARN_DOCUMENTATION_COMMENTS = YES;
				CLANG_WARN_EMPTY_BODY = YES;
				CLANG_WARN_ENUM_CONVERSION = YES;
				CLANG_WARN_INFINITE_RECURSION = YES;
				CLANG_WARN_INT_CONVERSION = YES;
				CLANG_WARN_NON_LITERAL_NULL_CONVERSION = YES;
				CLANG_WARN_OBJC_IMPLICIT_RETAIN_SELF = YES;
				CLANG_WARN_OBJC_LITERAL_CONVERSION = YES;
				CLANG_WARN_OBJC_ROOT_CLASS = YES_ERROR;
				CLANG_WARN_QUOTED_INCLUDE_IN_FRAMEWORK_HEADER = YES;
				CLANG_WARN_RANGE_LOOP_ANALYSIS = YES;
				CLANG_WARN_STRICT_PROTOTYPES = YES;
				CLANG_WARN_SUSPICIOUS_MOVE = YES;
				CLANG_WARN_UNGUARDED_AVAILABILITY = YES_AGGRESSIVE;
				CLANG_WARN_UNREACHABLE_CODE = YES;
				CLANG_WARN__DUPLICATE_METHOD_MATCH = YES;
				COPY_PHASE_STRIP = NO;
				DEBUG_INFORMATION_FORMAT = dwarf;
				ENABLE_STRICT_OBJC_MSGSEND = YES;
				ENABLE_TESTABILITY = YES;
				GCC_C_LANGUAGE_STANDARD = gnu11;
				GCC_DYNAMIC_NO_PIC = NO;
				GCC_NO_COMMON_BLOCKS = YES;
				GCC_OPTIMIZATION_LEVEL = 0;
				GCC_PREPROCESSOR_DEFINITIONS = (
					"DEBUG=1",
					"$(inherited)",
				);
				GCC_WARN_64_TO_32_BIT_CONVERSION = YES;
				GCC_WARN_ABOUT_RETURN_TYPE = YES_ERROR;
				GCC_WARN_UNDECLARED_SELECTOR = YES;
				GCC_WARN_UNINITIALIZED_AUTOS = YES_AGGRESSIVE;
				GCC_WARN_UNUSED_FUNCTION = YES;
				GCC_WARN_UNUSED_VARIABLE = YES;
				IPHONEOS_DEPLOYMENT_TARGET = 15.5;
				MTL_ENABLE_DEBUG_INFO = INCLUDE_SOURCE;
				MTL_FAST_MATH = YES;
				ONLY_ACTIVE_ARCH = YES;
				SDKROOT = iphoneos;
				SWIFT_ACTIVE_COMPILATION_CONDITIONS = DEBUG;
				SWIFT_OPTIMIZATION_LEVEL = "-Onone";
			};
			name = Debug;
		};
		FEEE13342844FF7A003344FD /* Release */ = {
			isa = XCBuildConfiguration;
			buildSettings = {
				ALWAYS_SEARCH_USER_PATHS = NO;
				CLANG_ANALYZER_NONNULL = YES;
				CLANG_ANALYZER_NUMBER_OBJECT_CONVERSION = YES_AGGRESSIVE;
				CLANG_CXX_LANGUAGE_STANDARD = "gnu++17";
				CLANG_ENABLE_MODULES = YES;
				CLANG_ENABLE_OBJC_ARC = YES;
				CLANG_ENABLE_OBJC_WEAK = YES;
				CLANG_WARN_BLOCK_CAPTURE_AUTORELEASING = YES;
				CLANG_WARN_BOOL_CONVERSION = YES;
				CLANG_WARN_COMMA = YES;
				CLANG_WARN_CONSTANT_CONVERSION = YES;
				CLANG_WARN_DEPRECATED_OBJC_IMPLEMENTATIONS = YES;
				CLANG_WARN_DIRECT_OBJC_ISA_USAGE = YES_ERROR;
				CLANG_WARN_DOCUMENTATION_COMMENTS = YES;
				CLANG_WARN_EMPTY_BODY = YES;
				CLANG_WARN_ENUM_CONVERSION = YES;
				CLANG_WARN_INFINITE_RECURSION = YES;
				CLANG_WARN_INT_CONVERSION = YES;
				CLANG_WARN_NON_LITERAL_NULL_CONVERSION = YES;
				CLANG_WARN_OBJC_IMPLICIT_RETAIN_SELF = YES;
				CLANG_WARN_OBJC_LITERAL_CONVERSION = YES;
				CLANG_WARN_OBJC_ROOT_CLASS = YES_ERROR;
				CLANG_WARN_QUOTED_INCLUDE_IN_FRAMEWORK_HEADER = YES;
				CLANG_WARN_RANGE_LOOP_ANALYSIS = YES;
				CLANG_WARN_STRICT_PROTOTYPES = YES;
				CLANG_WARN_SUSPICIOUS_MOVE = YES;
				CLANG_WARN_UNGUARDED_AVAILABILITY = YES_AGGRESSIVE;
				CLANG_WARN_UNREACHABLE_CODE = YES;
				CLANG_WARN__DUPLICATE_METHOD_MATCH = YES;
				COPY_PHASE_STRIP = NO;
				DEBUG_INFORMATION_FORMAT = "dwarf-with-dsym";
				ENABLE_NS_ASSERTIONS = NO;
				ENABLE_STRICT_OBJC_MSGSEND = YES;
				GCC_C_LANGUAGE_STANDARD = gnu11;
				GCC_NO_COMMON_BLOCKS = YES;
				GCC_WARN_64_TO_32_BIT_CONVERSION = YES;
				GCC_WARN_ABOUT_RETURN_TYPE = YES_ERROR;
				GCC_WARN_UNDECLARED_SELECTOR = YES;
				GCC_WARN_UNINITIALIZED_AUTOS = YES_AGGRESSIVE;
				GCC_WARN_UNUSED_FUNCTION = YES;
				GCC_WARN_UNUSED_VARIABLE = YES;
				IPHONEOS_DEPLOYMENT_TARGET = 15.5;
				MTL_ENABLE_DEBUG_INFO = NO;
				MTL_FAST_MATH = YES;
				SDKROOT = iphoneos;
				SWIFT_COMPILATION_MODE = wholemodule;
				SWIFT_OPTIMIZATION_LEVEL = "-O";
				VALIDATE_PRODUCT = YES;
			};
			name = Release;
		};
		FEEE13362844FF7A003344FD /* Debug */ = {
			isa = XCBuildConfiguration;
			buildSettings = {
				ASSETCATALOG_COMPILER_APPICON_NAME = AppIcon;
				ASSETCATALOG_COMPILER_GLOBAL_ACCENT_COLOR_NAME = AccentColor;
				CODE_SIGN_STYLE = Automatic;
				CURRENT_PROJECT_VERSION = 1;
				DEVELOPMENT_TEAM = 4MPQ24KX7Y;
				GENERATE_INFOPLIST_FILE = YES;
				INFOPLIST_FILE = MySkills/Info.plist;
				INFOPLIST_KEY_UIApplicationSupportsIndirectInputEvents = YES;
				INFOPLIST_KEY_UILaunchStoryboardName = LaunchScreen;
				INFOPLIST_KEY_UISupportedInterfaceOrientations = UIInterfaceOrientationPortrait;
				INFOPLIST_KEY_UISupportedInterfaceOrientations_iPad = "UIInterfaceOrientationPortrait UIInterfaceOrientationPortraitUpsideDown UIInterfaceOrientationLandscapeLeft UIInterfaceOrientationLandscapeRight";
				INFOPLIST_KEY_UISupportedInterfaceOrientations_iPhone = "UIInterfaceOrientationPortrait UIInterfaceOrientationLandscapeLeft UIInterfaceOrientationLandscapeRight";
				IPHONEOS_DEPLOYMENT_TARGET = 15.0;
				LD_RUNPATH_SEARCH_PATHS = (
					"$(inherited)",
					"@executable_path/Frameworks",
				);
				MARKETING_VERSION = 1.0;
				PRODUCT_BUNDLE_IDENTIFIER = RutraVolalib.MySkills;
				PRODUCT_NAME = "$(TARGET_NAME)";
				SWIFT_EMIT_LOC_STRINGS = YES;
				SWIFT_VERSION = 5.0;
				TARGETED_DEVICE_FAMILY = 1;
			};
			name = Debug;
		};
		FEEE13372844FF7A003344FD /* Release */ = {
			isa = XCBuildConfiguration;
			buildSettings = {
				ASSETCATALOG_COMPILER_APPICON_NAME = AppIcon;
				ASSETCATALOG_COMPILER_GLOBAL_ACCENT_COLOR_NAME = AccentColor;
				CODE_SIGN_STYLE = Automatic;
				CURRENT_PROJECT_VERSION = 1;
				DEVELOPMENT_TEAM = 4MPQ24KX7Y;
				GENERATE_INFOPLIST_FILE = YES;
				INFOPLIST_FILE = MySkills/Info.plist;
				INFOPLIST_KEY_UIApplicationSupportsIndirectInputEvents = YES;
				INFOPLIST_KEY_UILaunchStoryboardName = LaunchScreen;
				INFOPLIST_KEY_UISupportedInterfaceOrientations = UIInterfaceOrientationPortrait;
				INFOPLIST_KEY_UISupportedInterfaceOrientations_iPad = "UIInterfaceOrientationPortrait UIInterfaceOrientationPortraitUpsideDown UIInterfaceOrientationLandscapeLeft UIInterfaceOrientationLandscapeRight";
				INFOPLIST_KEY_UISupportedInterfaceOrientations_iPhone = "UIInterfaceOrientationPortrait UIInterfaceOrientationLandscapeLeft UIInterfaceOrientationLandscapeRight";
				IPHONEOS_DEPLOYMENT_TARGET = 15.0;
				LD_RUNPATH_SEARCH_PATHS = (
					"$(inherited)",
					"@executable_path/Frameworks",
				);
				MARKETING_VERSION = 1.0;
				PRODUCT_BUNDLE_IDENTIFIER = RutraVolalib.MySkills;
				PRODUCT_NAME = "$(TARGET_NAME)";
				SWIFT_EMIT_LOC_STRINGS = YES;
				SWIFT_VERSION = 5.0;
				TARGETED_DEVICE_FAMILY = 1;
			};
			name = Release;
		};
/* End XCBuildConfiguration section */

/* Begin XCConfigurationList section */
		FEEE13192844FF78003344FD /* Build configuration list for PBXProject "MySkills" */ = {
			isa = XCConfigurationList;
			buildConfigurations = (
				FEEE13332844FF7A003344FD /* Debug */,
				FEEE13342844FF7A003344FD /* Release */,
			);
			defaultConfigurationIsVisible = 0;
			defaultConfigurationName = Release;
		};
		FEEE13352844FF7A003344FD /* Build configuration list for PBXNativeTarget "MySkills" */ = {
			isa = XCConfigurationList;
			buildConfigurations = (
				FEEE13362844FF7A003344FD /* Debug */,
				FEEE13372844FF7A003344FD /* Release */,
			);
			defaultConfigurationIsVisible = 0;
			defaultConfigurationName = Release;
		};
/* End XCConfigurationList section */

/* Begin XCVersionGroup section */
		FEEE132A2844FF78003344FD /* MySkills.xcdatamodeld */ = {
			isa = XCVersionGroup;
			children = (
				FEEE132B2844FF78003344FD /* MySkills.xcdatamodel */,
			);
			currentVersion = FEEE132B2844FF78003344FD /* MySkills.xcdatamodel */;
			path = MySkills.xcdatamodeld;
			sourceTree = "<group>";
			versionGroupType = wrapper.xcdatamodel;
		};
/* End XCVersionGroup section */
	};
	rootObject = FEEE13162844FF78003344FD /* Project object */;
}
